PODS:
  - Capacitor (8.4.2):
    - CapacitorCordova
  - CapacitorCordova (8.4.2)
  - CapgoNativePurchases (8.6.4):
    - Capacitor

DEPENDENCIES:
  - "Capacitor (from `../../node_modules/@capacitor/ios`)"
  - "CapacitorCordova (from `../../node_modules/@capacitor/ios`)"
  - "CapgoNativePurchases (from `../../node_modules/@capgo/native-purchases`)"

EXTERNAL SOURCES:
  Capacitor:
    :path: "../../node_modules/@capacitor/ios"
  CapacitorCordova:
    :path: "../../node_modules/@capacitor/ios"
  CapgoNativePurchases:
    :path: "../../node_modules/@capgo/native-purchases"

SPEC CHECKSUMS:
  Capacitor: 52f999235b8bd6a7d01694753f4f4d54d182e3a3
  CapacitorCordova: 345eacdc4c8282415446aea4acd8c77d82480bd4
  CapgoNativePurchases: 1b94ac9f6de014a0fbec218323fc622a9d3f6699

PODFILE CHECKSUM: 2ac6bb4eca6b89f02863eb11a200c36e84f8e437

COCOAPODS: 1.17.0
